// !$*UTF8*$!
{
	archiveVersion = 1;
	classes = {
	};
	objectVersion = 77;
	objects = {

/* Begin PBXContainerItemProxy section */
		8E0D89062DC074B1001643DA /* PBXContainerItemProxy */ = {
			isa = PBXContainerItemProxy;
			containerPortal = 8E0D88E72DC074B0001643DA /* Project object */;
			proxyType = 1;
			remoteGlobalIDString = 8E0D88EE2DC074B0001643DA;
			remoteInfo = PhotoGalleryApplication;
		};
		8E0D89102DC074B1001643DA /* PBXContainerItemProxy */ = {
			isa = PBXContainerItemProxy;
			containerPortal = 8E0D88E72DC074B0001643DA /* Project object */;
			proxyType = 1;
			remoteGlobalIDString = 8E0D88EE2DC074B0001643DA;
			remoteInfo = PhotoGalleryApplication;
		};
/* End PBXContainerItemProxy section */

/* Begin PBXFileReference section */
		8E0D88EF2DC074B0001643DA /* PhotoGalleryApplication.app */ = {isa = PBXFileReference; explicitFileType = wrapper.application; includeInIndex = 0; path = PhotoGalleryApplication.app; sourceTree = BUILT_PRODUCTS_DIR; };
		8E0D89052DC074B1001643DA /* PhotoGalleryApplicationTests.xctest */ = {isa = PBXFileReference; explicitFileType = wrapper.cfbundle; includeInIndex = 0; path = PhotoGalleryApplicationTests.xctest; sourceTree = BUILT_PRODUCTS_DIR; };
		8E0D890F2DC074B1001643DA /* PhotoGalleryApplicationUITests.xctest */ = {isa = PBXFileReference; explicitFileType = wrapper.cfbundle; includeInIndex = 0; path = PhotoGalleryApplicationUITests.xctest; sourceTree = BUILT_PRODUCTS_DIR; };
/* End PBXFileReference section */

/* Begin PBXFileSystemSynchronizedBuildFileExceptionSet section */
		8E0D89172DC074B1001643DA /* Exceptions for "PhotoGalleryApplication" folder in "PhotoGalleryApplication" target */ = {
			isa = PBXFileSystemSynchronizedBuildFileExceptionSet;
			membershipExceptions = (
				Info.plist,
			);
			target = 8E0D88EE2DC074B0001643DA /* PhotoGalleryApplication */;
		};
/* End PBXFileSystemSynchronizedBuildFileExceptionSet section */

/* Begin PBXFileSystemSynchronizedRootGroup section */
		8E0D88F12DC074B0001643DA /* PhotoGalleryApplication */ = {
			isa = PBXFileSystemSynchronizedRootGroup;
			exceptions = (
				8E0D89172DC074B1001643DA /* Exceptions for "PhotoGalleryApplication" folder in "PhotoGalleryApplication" target */,
			);
			path = PhotoGalleryApplication;
			sourceTree = "<group>";
		};
		8E0D89082DC074B1001643DA /* PhotoGalleryApplicationTests */ = {
			isa = PBXFileSystemSynchronizedRootGroup;
			path = PhotoGalleryApplicationTests;
			sourceTree = "<group>";
		};
		8E0D89122DC074B1001643DA /* PhotoGalleryApplicationUITests */ = {
			isa = PBXFileSystemSynchronizedRootGroup;
			path = PhotoGalleryApplicationUITests;
			sourceTree = "<group>";
		};
/* End PBXFileSystemSynchronizedRootGroup section */

/* Begin PBXFrameworksBuildPhase section */
		8E0D88EC2DC074B0001643DA /* Frameworks */ = {
			isa = PBXFrameworksBuildPhase;
			buildActionMask = 2147483647;
			files = (
			);
			runOnlyForDeploymentPostprocessing = 0;
		};
		8E0D89022DC074B1001643DA /* Frameworks */ = {
			isa = PBXFrameworksBuildPhase;
			buildActionMask = 2147483647;
			files = (
			);
			runOnlyForDeploymentPostprocessing = 0;
		};
		8E0D890C2DC074B1001643DA /* Frameworks */ = {
			isa = PBXFrameworksBuildPhase;
			buildActionMask = 2147483647;
			files = (
			);
			runOnlyForDeploymentPostprocessing = 0;
		};
/* End PBXFrameworksBuildPhase section */

/* Begin PBXGroup section */
		8E0D88E62DC074B0001643DA = {
			isa = PBXGroup;
			children = (
				8E0D88F12DC074B0001643DA /* PhotoGalleryApplication */,
				8E0D89082DC074B1001643DA /* PhotoGalleryApplicationTests */,
				8E0D89122DC074B1001643DA /* PhotoGalleryApplicationUITests */,
				8E0D88F02DC074B0001643DA /* Products */,
			);
			sourceTree = "<group>";
		};
		8E0D88F02DC074B0001643DA /* Products */ = {
			isa = PBXGroup;
			children = (
				8E0D88EF2DC074B0001643DA /* PhotoGalleryApplication.app */,
				8E0D89052DC074B1001643DA /* PhotoGalleryApplicationTests.xctest */,
				8E0D890F2DC074B1001643DA /* PhotoGalleryApplicationUITests.xctest */,
			);
			name = Products;
			sourceTree = "<group>";
		};
/* End PBXGroup section */

/* Begin PBXNativeTarget section */
		8E0D88EE2DC074B0001643DA /* PhotoGalleryApplication */ = {
			isa = PBXNativeTarget;
			buildConfigurationList = 8E0D89182DC074B1001643DA /* Build configuration list for PBXNativeTarget "PhotoGalleryApplication" */;
			buildPhases = (
				8E0D88EB2DC074B0001643DA /* Sources */,
				8E0D88EC2DC074B0001643DA /* Frameworks */,
				8E0D88ED2DC074B0001643DA /* Resources */,
			);
			buildRules = (
			);
			dependencies = (
			);
			fileSystemSynchronizedGroups = (
				8E0D88F12DC074B0001643DA /* PhotoGalleryApplication */,
			);
			name = PhotoGalleryApplication;
			packageProductDependencies = (
			);
			productName = PhotoGalleryApplication;
			productReference = 8E0D88EF2DC074B0001643DA /* PhotoGalleryApplication.app */;
			productType = "com.apple.product-type.application";
		};
		8E0D89042DC074B1001643DA /* PhotoGalleryApplicationTests */ = {
			isa = PBXNativeTarget;
			buildConfigurationList = 8E0D891D2DC074B1001643DA /* Build configuration list for PBXNativeTarget "PhotoGalleryApplicationTests" */;
			buildPhases = (
				8E0D89012DC074B1001643DA /* Sources */,
				8E0D89022DC074B1001643DA /* Frameworks */,
				8E0D89032DC074B1001643DA /* Resources */,
			);
			buildRules = (
			);
			dependencies = (
				8E0D89072DC074B1001643DA /* PBXTargetDependency */,
			);
			fileSystemSynchronizedGroups = (
				8E0D89082DC074B1001643DA /* PhotoGalleryApplicationTests */,
			);
			name = PhotoGalleryApplicationTests;
			packageProductDependencies = (
			);
			productName = PhotoGalleryApplicationTests;
			productReference = 8E0D89052DC074B1001643DA /* PhotoGalleryApplicationTests.xctest */;
			productType = "com.apple.product-type.bundle.unit-test";
		};
		8E0D890E2DC074B1001643DA /* PhotoGalleryApplicationUITests */ = {
			isa = PBXNativeTarget;
			buildConfigurationList = 8E0D89202DC074B1001643DA /* Build configuration list for PBXNativeTarget "PhotoGalleryApplicationUITests" */;
			buildPhases = (
				8E0D890B2DC074B1001643DA /* Sources */,
				8E0D890C2DC074B1001643DA /* Frameworks */,
				8E0D890D2DC074B1001643DA /* Resources */,
			);
			buildRules = (
			);
			dependencies = (
				8E0D89112DC074B1001643DA /* PBXTargetDependency */,
			);
			fileSystemSynchronizedGroups = (
				8E0D89122DC074B1001643DA /* PhotoGalleryApplicationUITests */,
			);
			name = PhotoGalleryApplicationUITests;
			packageProductDependencies = (
			);
			productName = PhotoGalleryApplicationUITests;
			productReference = 8E0D890F2DC074B1001643DA /* PhotoGalleryApplicationUITests.xctest */;
			productType = "com.apple.product-type.bundle.ui-testing";
		};
/* End PBXNativeTarget section */

/* Begin PBXProject section */
		8E0D88E72DC074B0001643DA /* Project object */ = {
			isa = PBXProject;
			attributes = {
				BuildIndependentTargetsInParallel = 1;
				LastSwiftUpdateCheck = 1610;
				LastUpgradeCheck = 1610;
				TargetAttributes = {
					8E0D88EE2DC074B0001643DA = {
						CreatedOnToolsVersion = 16.1;
					};
					8E0D89042DC074B1001643DA = {
						CreatedOnToolsVersion = 16.1;
						TestTargetID = 8E0D88EE2DC074B0001643DA;
					};
					8E0D890E2DC074B1001643DA = {
						CreatedOnToolsVersion = 16.1;
						TestTargetID = 8E0D88EE2DC074B0001643DA;
					};
				};
			};
			buildConfigurationList = 8E0D88EA2DC074B0001643DA /* Build configuration list for PBXProject "PhotoGalleryApplication" */;
			developmentRegion = en;
			hasScannedForEncodings = 0;
			knownRegions = (
				en,
				Base,
			);
			mainGroup = 8E0D88E62DC074B0001643DA;
			minimizedProjectReferenceProxies = 1;
			preferredProjectObjectVersion = 77;
			productRefGroup = 8E0D88F02DC074B0001643DA /* Products */;
			projectDirPath = "";
			projectRoot = "";
			targets = (
				8E0D88EE2DC074B0001643DA /* PhotoGalleryApplication */,
				8E0D89042DC074B1001643DA /* PhotoGalleryApplicationTests */,
				8E0D890E2DC074B1001643DA /* PhotoGalleryApplicationUITests */,
			);
		};
/* End PBXProject section */

/* Begin PBXResourcesBuildPhase section */
		8E0D88ED2DC074B0001643DA /* Resources */ = {
			isa = PBXResourcesBuildPhase;
			buildActionMask = 2147483647;
			files = (
			);
			runOnlyForDeploymentPostprocessing = 0;
		};
		8E0D89032DC074B1001643DA /* Resources */ = {
			isa = PBXResourcesBuildPhase;
			buildActionMask = 2147483647;
			files = (
			);
			runOnlyForDeploymentPostprocessing = 0;
		};
		8E0D890D2DC074B1001643DA /* Resources */ = {
			isa = PBXResourcesBuildPhase;
			buildActionMask = 2147483647;
			files = (
			);
			runOnlyForDeploymentPostprocessing = 0;
		};
/* End PBXResourcesBuildPhase section */

/* Begin PBXSourcesBuildPhase section */
		8E0D88EB2DC074B0001643DA /* Sources */ = {
			isa = PBXSourcesBuildPhase;
			buildActionMask = 2147483647;
			files = (
			);
			runOnlyForDeploymentPostprocessing = 0;
		};
		8E0D89012DC074B1001643DA /* Sources */ = {
			isa = PBXSourcesBuildPhase;
			buildActionMask = 2147483647;
			files = (
			);
			runOnlyForDeploymentPostprocessing = 0;
		};
		8E0D890B2DC074B1001643DA /* Sources */ = {
			isa = PBXSourcesBuildPhase;
			buildActionMask = 2147483647;
			files = (
			);
			runOnlyForDeploymentPostprocessing = 0;
		};
/* End PBXSourcesBuildPhase section */

/* Begin PBXTargetDependency section */
		8E0D89072DC074B1001643DA /* PBXTargetDependency */ = {
			isa = PBXTargetDependency;
			target = 8E0D88EE2DC074B0001643DA /* PhotoGalleryApplication */;
			targetProxy = 8E0D89062DC074B1001643DA /* PBXContainerItemProxy */;
		};
		8E0D89112DC074B1001643DA /* PBXTargetDependency */ = {
			isa = PBXTargetDependency;
			target = 8E0D88EE2DC074B0001643DA /* PhotoGalleryApplication */;
			targetProxy = 8E0D89102DC074B1001643DA /* PBXContainerItemProxy */;
		};
/* End PBXTargetDependency section */

/* Begin XCBuildConfiguration section */
		8E0D89192DC074B1001643DA /* Debug */ = {
			isa = XCBuildConfiguration;
			buildSettings = {
				ASSETCATALOG_COMPILER_APPICON_NAME = AppIcon;
				ASSETCATALOG_COMPILER_GLOBAL_ACCENT_COLOR_NAME = AccentColor;
				CODE_SIGN_STYLE = Automatic;
				CURRENT_PROJECT_VERSION = 1;
				GENERATE_INFOPLIST_FILE = YES;
				INFOPLIST_FILE = PhotoGalleryApplication/Info.plist;
				INFOPLIST_KEY_UIApplicationSupportsIndirectInputEvents = YES;
				INFOPLIST_KEY_UILaunchStoryboardName = LaunchScreen;
				INFOPLIST_KEY_UIMainStoryboardFile = Main;
				INFOPLIST_KEY_UISupportedInterfaceOrientations_iPad = "UIInterfaceOrientationPortrait UIInterfaceOrientationPortraitUpsideDown UIInterfaceOrientationLandscapeLeft UIInterfaceOrientationLandscapeRight";
				INFOPLIST_KEY_UISupportedInterfaceOrientations_iPhone = "UIInterfaceOrientationPortrait UIInterfaceOrientationLandscapeLeft UIInterfaceOrientationLandscapeRight";
				LD_RUNPATH_SEARCH_PATHS = (
					"$(inherited)",
					"@executable_path/Frameworks",
				);
				MARKETING_VERSION = 1.0;
				PRODUCT_BUNDLE_IDENTIFIER = FlickerAPI.PhotoGalleryApplication;
				PRODUCT_NAME = "$(TARGET_NAME)";
				SWIFT_EMIT_LOC_STRINGS = YES;
				SWIFT_VERSION = 5.0;
				TARGETED_DEVICE_FAMILY = "1,2";
			};
			name = Debug;
		};
		8E0D891A2DC074B1001643DA /* Release */ = {
			isa = XCBuildConfiguration;
			buildSettings = {
				ASSETCATALOG_COMPILER_APPICON_NAME = AppIcon;
				ASSETCATALOG_COMPILER_GLOBAL_ACCENT_COLOR_NAME = AccentColor;
				CODE_SIGN_STYLE = Automatic;
				CURRENT_PROJECT_VERSION = 1;
				GENERATE_INFOPLIST_FILE = YES;
				INFOPLIST_FILE = PhotoGalleryApplication/Info.plist;
				INFOPLIST_KEY_UIApplicationSupportsIndirectInputEvents = YES;
				INFOPLIST_KEY_UILaunchStoryboardName = LaunchScreen;
				INFOPLIST_KEY_UIMainStoryboardFile = Main;
				INFOPLIST_KEY_UISupportedInterfaceOrientations_iPad = "UIInterfaceOrientationPortrait UIInterfaceOrientationPortraitUpsideDown UIInterfaceOrientationLandscapeLeft UIInterfaceOrientationLandscapeRight";
				INFOPLIST_KEY_UISupportedInterfaceOrientations_iPhone = "UIInterfaceOrientationPortrait UIInterfaceOrientationLandscapeLeft UIInterfaceOrientationLandscapeRight";
				LD_RUNPATH_SEARCH_PATHS = (
					"$(inherited)",
					"@executable_path/Frameworks",
				);
				MARKETING_VERSION = 1.0;
				PRODUCT_BUNDLE_IDENTIFIER = FlickerAPI.PhotoGalleryApplication;
				PRODUCT_NAME = "$(TARGET_NAME)";
				SWIFT_EMIT_LOC_STRINGS = YES;
				SWIFT_VERSION = 5.0;
				TARGETED_DEVICE_FAMILY = "1,2";
			};
			name = Release;
		};
		8E0D891B2DC074B1001643DA /* Debug */ = {
			isa = XCBuildConfiguration;
			buildSettings = {
				ALWAYS_SEARCH_USER_PATHS = NO;
				ASSETCATALOG_COMPILER_GENERATE_SWIFT_ASSET_SYMBOL_EXTENSIONS = YES;
				CLANG_ANALYZER_NONNULL = YES;
				CLANG_ANALYZER_NUMBER_OBJECT_CONVERSION = YES_AGGRESSIVE;
				CLANG_CXX_LANGUAGE_STANDARD = "gnu++20";
				CLANG_ENABLE_MODULES = YES;
				CLANG_ENABLE_OBJC_ARC = YES;
				CLANG_ENABLE_OBJC_WEAK = YES;
				CLANG_WARN_BLOCK_CAPTURE_AUTORELEASING = YES;
				CLANG_WARN_BOOL_CONVERSION = YES;
				CLANG_WARN_COMMA = YES;
				CLANG_WARN_CONSTANT_CONVERSION = YES;
				CLANG_WARN_DEPRECATED_OBJC_IMPLEMENTATIONS = YES;
				CLANG_WARN_DIRECT_OBJC_ISA_USAGE = YES_ERROR;
				CLANG_WARN_DOCUMENTATION_COMMENTS = YES;
				CLANG_WARN_EMPTY_BODY = YES;
				CLANG_WARN_ENUM_CONVERSION = YES;
				CLANG_WARN_INFINITE_RECURSION = YES;
				CLANG_WARN_INT_CONVERSION = YES;
				CLANG_WARN_NON_LITERAL_NULL_CONVERSION = YES;
				CLANG_WARN_OBJC_IMPLICIT_RETAIN_SELF = YES;
				CLANG_WARN_OBJC_LITERAL_CONVERSION = YES;
				CLANG_WARN_OBJC_ROOT_CLASS = YES_ERROR;
				CLANG_WARN_QUOTED_INCLUDE_IN_FRAMEWORK_HEADER = YES;
				CLANG_WARN_RANGE_LOOP_ANALYSIS = YES;
				CLANG_WARN_STRICT_PROTOTYPES = YES;
				CLANG_WARN_SUSPICIOUS_MOVE = YES;
				CLANG_WARN_UNGUARDED_AVAILABILITY = YES_AGGRESSIVE;
				CLANG_WARN_UNREACHABLE_CODE = YES;
				CLANG_WARN__DUPLICATE_METHOD_MATCH = YES;
				COPY_PHASE_STRIP = NO;
				DEBUG_INFORMATION_FORMAT = dwarf;
				ENABLE_STRICT_OBJC_MSGSEND = YES;
				ENABLE_TESTABILITY = YES;
				ENABLE_USER_SCRIPT_SANDBOXING = YES;
				GCC_C_LANGUAGE_STANDARD = gnu17;
				GCC_DYNAMIC_NO_PIC = NO;
				GCC_NO_COMMON_BLOCKS = YES;
				GCC_OPTIMIZATION_LEVEL = 0;
				GCC_PREPROCESSOR_DEFINITIONS = (
					"DEBUG=1",
					"$(inherited)",
				);
				GCC_WARN_64_TO_32_BIT_CONVERSION = YES;
				GCC_WARN_ABOUT_RETURN_TYPE = YES_ERROR;
				GCC_WARN_UNDECLARED_SELECTOR = YES;
				GCC_WARN_UNINITIALIZED_AUTOS = YES_AGGRESSIVE;
				GCC_WARN_UNUSED_FUNCTION = YES;
				GCC_WARN_UNUSED_VARIABLE = YES;
				IPHONEOS_DEPLOYMENT_TARGET = 18.1;
				LOCALIZATION_PREFERS_STRING_CATALOGS = YES;
				MTL_ENABLE_DEBUG_INFO = INCLUDE_SOURCE;
				MTL_FAST_MATH = YES;
				ONLY_ACTIVE_ARCH = YES;
				SDKROOT = iphoneos;
				SWIFT_ACTIVE_COMPILATION_CONDITIONS = "DEBUG $(inherited)";
				SWIFT_OPTIMIZATION_LEVEL = "-Onone";
			};
			name = Debug;
		};
		8E0D891C2DC074B1001643DA /* Release */ = {
			isa = XCBuildConfiguration;
			buildSettings = {
				ALWAYS_SEARCH_USER_PATHS = NO;
				ASSETCATALOG_COMPILER_GENERATE_SWIFT_ASSET_SYMBOL_EXTENSIONS = YES;
				CLANG_ANALYZER_NONNULL = YES;
				CLANG_ANALYZER_NUMBER_OBJECT_CONVERSION = YES_AGGRESSIVE;
				CLANG_CXX_LANGUAGE_STANDARD = "gnu++20";
				CLANG_ENABLE_MODULES = YES;
				CLANG_ENABLE_OBJC_ARC = YES;
				CLANG_ENABLE_OBJC_WEAK = YES;
				CLANG_WARN_BLOCK_CAPTURE_AUTORELEASING = YES;
				CLANG_WARN_BOOL_CONVERSION = YES;
				CLANG_WARN_COMMA = YES;
				CLANG_WARN_CONSTANT_CONVERSION = YES;
				CLANG_WARN_DEPRECATED_OBJC_IMPLEMENTATIONS = YES;
				CLANG_WARN_DIRECT_OBJC_ISA_USAGE = YES_ERROR;
				CLANG_WARN_DOCUMENTATION_COMMENTS = YES;
				CLANG_WARN_EMPTY_BODY = YES;
				CLANG_WARN_ENUM_CONVERSION = YES;
				CLANG_WARN_INFINITE_RECURSION = YES;
				CLANG_WARN_INT_CONVERSION = YES;
				CLANG_WARN_NON_LITERAL_NULL_CONVERSION = YES;
				CLANG_WARN_OBJC_IMPLICIT_RETAIN_SELF = YES;
				CLANG_WARN_OBJC_LITERAL_CONVERSION = YES;
				CLANG_WARN_OBJC_ROOT_CLASS = YES_ERROR;
				CLANG_WARN_QUOTED_INCLUDE_IN_FRAMEWORK_HEADER = YES;
				CLANG_WARN_RANGE_LOOP_ANALYSIS = YES;
				CLANG_WARN_STRICT_PROTOTYPES = YES;
				CLANG_WARN_SUSPICIOUS_MOVE = YES;
				CLANG_WARN_UNGUARDED_AVAILABILITY = YES_AGGRESSIVE;
				CLANG_WARN_UNREACHABLE_CODE = YES;
				CLANG_WARN__DUPLICATE_METHOD_MATCH = YES;
				COPY_PHASE_STRIP = NO;
				DEBUG_INFORMATION_FORMAT = "dwarf-with-dsym";
				ENABLE_NS_ASSERTIONS = NO;
				ENABLE_STRICT_OBJC_MSGSEND = YES;
				ENABLE_USER_SCRIPT_SANDBOXING = YES;
				GCC_C_LANGUAGE_STANDARD = gnu17;
				GCC_NO_COMMON_BLOCKS = YES;
				GCC_WARN_64_TO_32_BIT_CONVERSION = YES;
				GCC_WARN_ABOUT_RETURN_TYPE = YES_ERROR;
				GCC_WARN_UNDECLARED_SELECTOR = YES;
				GCC_WARN_UNINITIALIZED_AUTOS = YES_AGGRESSIVE;
				GCC_WARN_UNUSED_FUNCTION = YES;
				GCC_WARN_UNUSED_VARIABLE = YES;
				IPHONEOS_DEPLOYMENT_TARGET = 18.1;
				LOCALIZATION_PREFERS_STRING_CATALOGS = YES;
				MTL_ENABLE_DEBUG_INFO = NO;
				MTL_FAST_MATH = YES;
				SDKROOT = iphoneos;
				SWIFT_COMPILATION_MODE = wholemodule;
				VALIDATE_PRODUCT = YES;
			};
			name = Release;
		};
		8E0D891E2DC074B1001643DA /* Debug */ = {
			isa = XCBuildConfiguration;
			buildSettings = {
				BUNDLE_LOADER = "$(TEST_HOST)";
				CODE_SIGN_STYLE = Automatic;
				CURRENT_PROJECT_VERSION = 1;
				GENERATE_INFOPLIST_FILE = YES;
				IPHONEOS_DEPLOYMENT_TARGET = 18.1;
				MARKETING_VERSION = 1.0;
				PRODUCT_BUNDLE_IDENTIFIER = FlickerAPI.PhotoGalleryApplicationTests;
				PRODUCT_NAME = "$(TARGET_NAME)";
				SWIFT_EMIT_LOC_STRINGS = NO;
				SWIFT_VERSION = 5.0;
				TARGETED_DEVICE_FAMILY = "1,2";
				TEST_HOST = "$(BUILT_PRODUCTS_DIR)/PhotoGalleryApplication.app/$(BUNDLE_EXECUTABLE_FOLDER_PATH)/PhotoGalleryApplication";
			};
			name = Debug;
		};
		8E0D891F2DC074B1001643DA /* Release */ = {
			isa = XCBuildConfiguration;
			buildSettings = {
				BUNDLE_LOADER = "$(TEST_HOST)";
				CODE_SIGN_STYLE = Automatic;
				CURRENT_PROJECT_VERSION = 1;
				GENERATE_INFOPLIST_FILE = YES;
				IPHONEOS_DEPLOYMENT_TARGET = 18.1;
				MARKETING_VERSION = 1.0;
				PRODUCT_BUNDLE_IDENTIFIER = FlickerAPI.PhotoGalleryApplicationTests;
				PRODUCT_NAME = "$(TARGET_NAME)";
				SWIFT_EMIT_LOC_STRINGS = NO;
				SWIFT_VERSION = 5.0;
				TARGETED_DEVICE_FAMILY = "1,2";
				TEST_HOST = "$(BUILT_PRODUCTS_DIR)/PhotoGalleryApplication.app/$(BUNDLE_EXECUTABLE_FOLDER_PATH)/PhotoGalleryApplication";
			};
			name = Release;
		};
		8E0D89212DC074B1001643DA /* Debug */ = {
			isa = XCBuildConfiguration;
			buildSettings = {
				CODE_SIGN_STYLE = Automatic;
				CURRENT_PROJECT_VERSION = 1;
				GENERATE_INFOPLIST_FILE = YES;
				MARKETING_VERSION = 1.0;
				PRODUCT_BUNDLE_IDENTIFIER = FlickerAPI.PhotoGalleryApplicationUITests;
				PRODUCT_NAME = "$(TARGET_NAME)";
				SWIFT_EMIT_LOC_STRINGS = NO;
				SWIFT_VERSION = 5.0;
				TARGETED_DEVICE_FAMILY = "1,2";
				TEST_TARGET_NAME = PhotoGalleryApplication;
			};
			name = Debug;
		};
		8E0D89222DC074B1001643DA /* Release */ = {
			isa = XCBuildConfiguration;
			buildSettings = {
				CODE_SIGN_STYLE = Automatic;
				CURRENT_PROJECT_VERSION = 1;
				GENERATE_INFOPLIST_FILE = YES;
				MARKETING_VERSION = 1.0;
				PRODUCT_BUNDLE_IDENTIFIER = FlickerAPI.PhotoGalleryApplicationUITests;
				PRODUCT_NAME = "$(TARGET_NAME)";
				SWIFT_EMIT_LOC_STRINGS = NO;
				SWIFT_VERSION = 5.0;
				TARGETED_DEVICE_FAMILY = "1,2";
				TEST_TARGET_NAME = PhotoGalleryApplication;
			};
			name = Release;
		};
/* End XCBuildConfiguration section */

/* Begin XCConfigurationList section */
		8E0D88EA2DC074B0001643DA /* Build configuration list for PBXProject "PhotoGalleryApplication" */ = {
			isa = XCConfigurationList;
			buildConfigurations = (
				8E0D891B2DC074B1001643DA /* Debug */,
				8E0D891C2DC074B1001643DA /* Release */,
			);
			defaultConfigurationIsVisible = 0;
			defaultConfigurationName = Release;
		};
		8E0D89182DC074B1001643DA /* Build configuration list for PBXNativeTarget "PhotoGalleryApplication" */ = {
			isa = XCConfigurationList;
			buildConfigurations = (
				8E0D89192DC074B1001643DA /* Debug */,
				8E0D891A2DC074B1001643DA /* Release */,
			);
			defaultConfigurationIsVisible = 0;
			defaultConfigurationName = Release;
		};
		8E0D891D2DC074B1001643DA /* Build configuration list for PBXNativeTarget "PhotoGalleryApplicationTests" */ = {
			isa = XCConfigurationList;
			buildConfigurations = (
				8E0D891E2DC074B1001643DA /* Debug */,
				8E0D891F2DC074B1001643DA /* Release */,
			);
			defaultConfigurationIsVisible = 0;
			defaultConfigurationName = Release;
		};
		8E0D89202DC074B1001643DA /* Build configuration list for PBXNativeTarget "PhotoGalleryApplicationUITests" */ = {
			isa = XCConfigurationList;
			buildConfigurations = (
				8E0D89212DC074B1001643DA /* Debug */,
				8E0D89222DC074B1001643DA /* Release */,
			);
			defaultConfigurationIsVisible = 0;
			defaultConfigurationName = Release;
		};
/* End XCConfigurationList section */
	};
	rootObject = 8E0D88E72DC074B0001643DA /* Project object */;
}
